
Microsoft Visual Studio Solution File, Format Version 12.00
# Visual Studio 2012
Project("{8BC9CEB8-8B4A-11D0-8D11-00A0C91BC942}") = "KNGA_d3d9", "KNGA_d3d9\KNGA_d3d9.vcxproj", "{C82EDD90-6783-46AE-9EB4-316D122F6373}"
EndProject
Global
	GlobalSection(SolutionConfigurationPlatforms) = preSolution
		Debug|Win32 = Debug|Win32
		Release|Win32 = Release|Win32
	EndGlobalSection
	GlobalSection(ProjectConfigurationPlatforms) = postSolution
		{C82EDD90-6783-46AE-9EB4-316D122F6373}.Debug|Win32.ActiveCfg = Debug|Win32
		{C82EDD90-6783-46AE-9EB4-316D122F6373}.Debug|Win32.Build.0 = Debug|Win32
		{C82EDD90-6783-46AE-9EB4-316D122F6373}.Release|Win32.ActiveCfg = Release|Win32
		{C82EDD90-6783-46AE-9EB4-316D122F6373}.Release|Win32.Build.0 = Release|Win32
	EndGlobalSection
	GlobalSection(SolutionProperties) = preSolution
		HideSolutionNode = FALSE
	EndGlobalSection
EndGlobal
